
Microsoft Visual Studio Solution File, Format Version 12.00
Project("{FAE04EC0-301F-11D3-BF4B-00C04F79EFBC}") = "Domain", "Domain\Domain.csproj", "{E081769D-505E-4B2E-BEED-32D84B360069}"
EndProject
Project("{FAE04EC0-301F-11D3-BF4B-00C04F79EFBC}") = "WebApp", "WebApp\WebApp.csproj", "{20A57784-0C5F-4D19-94A0-F9BAC55A4876}"
EndProject
Project("{FAE04EC0-301F-11D3-BF4B-00C04F79EFBC}") = "BLL.App", "BLL.App\BLL.App.csproj", "{D8D76B75-D507-468F-B6F7-8CDC254355E3}"
EndProject
Project("{2150E333-8FDC-42A3-9474-1A3956D46DE8}") = "SolutionItems", "SolutionItems", "{F8D4F63A-D7E5-471A-B846-14896B63BE82}"
ProjectSection(SolutionItems) = preProject
	README.md = README.md
EndProjectSection
EndProject
Project("{FAE04EC0-301F-11D3-BF4B-00C04F79EFBC}") = "Contracts.DAL.App", "Contracts.DAL.App\Contracts.DAL.App.csproj", "{05A08514-9543-4F82-8865-DC90D2FEEFF0}"
EndProject
Project("{FAE04EC0-301F-11D3-BF4B-00C04F79EFBC}") = "DAL.App.EF", "DAL.App.EF\DAL.App.EF.csproj", "{14FFC6B8-D4B3-4339-8BB3-F636920D90AD}"
EndProject
Project("{FAE04EC0-301F-11D3-BF4B-00C04F79EFBC}") = "PublicApi.DTO.v1", "PublicApi.DTO.v1\PublicApi.DTO.v1.csproj", "{2D5E0C3F-5A73-45B6-8C21-D3BF2F10AF59}"
EndProject
Project("{FAE04EC0-301F-11D3-BF4B-00C04F79EFBC}") = "Contracts.BLL.App", "Contracts.BLL.App\Contracts.BLL.App.csproj", "{C295DD1E-1C87-405A-B0A5-BB10A240858A}"
EndProject
Project("{2150E333-8FDC-42A3-9474-1A3956D46DE8}") = "DAL", "DAL", "{B6F7AAE6-E53A-459F-AF63-88A05A5D3B56}"
EndProject
Project("{2150E333-8FDC-42A3-9474-1A3956D46DE8}") = "BLL", "BLL", "{5BF8C9C1-2A8A-4515-8B73-04C71FAE1F66}"
EndProject
Project("{FAE04EC0-301F-11D3-BF4B-00C04F79EFBC}") = "DAL.App.DTO", "DAL\DAL.App.DTO\DAL.App.DTO.csproj", "{B00225EC-4699-451E-ABAA-DB28FE1625DC}"
EndProject
Project("{FAE04EC0-301F-11D3-BF4B-00C04F79EFBC}") = "BLL.App.DTO", "BLL.App.DTO\BLL.App.DTO.csproj", "{A58FDAC2-D63D-4EF8-AC8E-B6BECA4B0BB4}"
EndProject
Global
	GlobalSection(SolutionConfigurationPlatforms) = preSolution
		Debug|Any CPU = Debug|Any CPU
		Release|Any CPU = Release|Any CPU
	EndGlobalSection
	GlobalSection(ProjectConfigurationPlatforms) = postSolution
		{E081769D-505E-4B2E-BEED-32D84B360069}.Debug|Any CPU.ActiveCfg = Debug|Any CPU
		{E081769D-505E-4B2E-BEED-32D84B360069}.Debug|Any CPU.Build.0 = Debug|Any CPU
		{E081769D-505E-4B2E-BEED-32D84B360069}.Release|Any CPU.ActiveCfg = Release|Any CPU
		{E081769D-505E-4B2E-BEED-32D84B360069}.Release|Any CPU.Build.0 = Release|Any CPU
		{20A57784-0C5F-4D19-94A0-F9BAC55A4876}.Debug|Any CPU.ActiveCfg = Debug|Any CPU
		{20A57784-0C5F-4D19-94A0-F9BAC55A4876}.Debug|Any CPU.Build.0 = Debug|Any CPU
		{20A57784-0C5F-4D19-94A0-F9BAC55A4876}.Release|Any CPU.ActiveCfg = Release|Any CPU
		{20A57784-0C5F-4D19-94A0-F9BAC55A4876}.Release|Any CPU.Build.0 = Release|Any CPU
		{D8D76B75-D507-468F-B6F7-8CDC254355E3}.Debug|Any CPU.ActiveCfg = Debug|Any CPU
		{D8D76B75-D507-468F-B6F7-8CDC254355E3}.Debug|Any CPU.Build.0 = Debug|Any CPU
		{D8D76B75-D507-468F-B6F7-8CDC254355E3}.Release|Any CPU.ActiveCfg = Release|Any CPU
		{D8D76B75-D507-468F-B6F7-8CDC254355E3}.Release|Any CPU.Build.0 = Release|Any CPU
		{05A08514-9543-4F82-8865-DC90D2FEEFF0}.Debug|Any CPU.ActiveCfg = Debug|Any CPU
		{05A08514-9543-4F82-8865-DC90D2FEEFF0}.Debug|Any CPU.Build.0 = Debug|Any CPU
		{05A08514-9543-4F82-8865-DC90D2FEEFF0}.Release|Any CPU.ActiveCfg = Release|Any CPU
		{05A08514-9543-4F82-8865-DC90D2FEEFF0}.Release|Any CPU.Build.0 = Release|Any CPU
		{14FFC6B8-D4B3-4339-8BB3-F636920D90AD}.Debug|Any CPU.ActiveCfg = Debug|Any CPU
		{14FFC6B8-D4B3-4339-8BB3-F636920D90AD}.Debug|Any CPU.Build.0 = Debug|Any CPU
		{14FFC6B8-D4B3-4339-8BB3-F636920D90AD}.Release|Any CPU.ActiveCfg = Release|Any CPU
		{14FFC6B8-D4B3-4339-8BB3-F636920D90AD}.Release|Any CPU.Build.0 = Release|Any CPU
		{2D5E0C3F-5A73-45B6-8C21-D3BF2F10AF59}.Debug|Any CPU.ActiveCfg = Debug|Any CPU
		{2D5E0C3F-5A73-45B6-8C21-D3BF2F10AF59}.Debug|Any CPU.Build.0 = Debug|Any CPU
		{2D5E0C3F-5A73-45B6-8C21-D3BF2F10AF59}.Release|Any CPU.ActiveCfg = Release|Any CPU
		{2D5E0C3F-5A73-45B6-8C21-D3BF2F10AF59}.Release|Any CPU.Build.0 = Release|Any CPU
		{C295DD1E-1C87-405A-B0A5-BB10A240858A}.Debug|Any CPU.ActiveCfg = Debug|Any CPU
		{C295DD1E-1C87-405A-B0A5-BB10A240858A}.Debug|Any CPU.Build.0 = Debug|Any CPU
		{C295DD1E-1C87-405A-B0A5-BB10A240858A}.Release|Any CPU.ActiveCfg = Release|Any CPU
		{C295DD1E-1C87-405A-B0A5-BB10A240858A}.Release|Any CPU.Build.0 = Release|Any CPU
		{B00225EC-4699-451E-ABAA-DB28FE1625DC}.Debug|Any CPU.ActiveCfg = Debug|Any CPU
		{B00225EC-4699-451E-ABAA-DB28FE1625DC}.Debug|Any CPU.Build.0 = Debug|Any CPU
		{B00225EC-4699-451E-ABAA-DB28FE1625DC}.Release|Any CPU.ActiveCfg = Release|Any CPU
		{B00225EC-4699-451E-ABAA-DB28FE1625DC}.Release|Any CPU.Build.0 = Release|Any CPU
		{A58FDAC2-D63D-4EF8-AC8E-B6BECA4B0BB4}.Debug|Any CPU.ActiveCfg = Debug|Any CPU
		{A58FDAC2-D63D-4EF8-AC8E-B6BECA4B0BB4}.Debug|Any CPU.Build.0 = Debug|Any CPU
		{A58FDAC2-D63D-4EF8-AC8E-B6BECA4B0BB4}.Release|Any CPU.ActiveCfg = Release|Any CPU
		{A58FDAC2-D63D-4EF8-AC8E-B6BECA4B0BB4}.Release|Any CPU.Build.0 = Release|Any CPU
	EndGlobalSection
	GlobalSection(NestedProjects) = preSolution
		{D8D76B75-D507-468F-B6F7-8CDC254355E3} = {5BF8C9C1-2A8A-4515-8B73-04C71FAE1F66}
		{C295DD1E-1C87-405A-B0A5-BB10A240858A} = {5BF8C9C1-2A8A-4515-8B73-04C71FAE1F66}
		{05A08514-9543-4F82-8865-DC90D2FEEFF0} = {B6F7AAE6-E53A-459F-AF63-88A05A5D3B56}
		{14FFC6B8-D4B3-4339-8BB3-F636920D90AD} = {B6F7AAE6-E53A-459F-AF63-88A05A5D3B56}
		{B00225EC-4699-451E-ABAA-DB28FE1625DC} = {B6F7AAE6-E53A-459F-AF63-88A05A5D3B56}
		{A58FDAC2-D63D-4EF8-AC8E-B6BECA4B0BB4} = {5BF8C9C1-2A8A-4515-8B73-04C71FAE1F66}
	EndGlobalSection
EndGlobal
